
Microsoft Visual Studio Solution File, Format Version 12.00
# Visual Studio Version 17
VisualStudioVersion = 17.4.33213.308
MinimumVisualStudioVersion = 10.0.40219.1
Project("{9A19103F-16F7-4668-BE54-9A1E7A4F7556}") = "ZeldaGame", "ZeldaGame.csproj", "{3D882FAA-1176-4536-AD24-0E2BECCE1D6B}"
EndProject
Global
	GlobalSection(SolutionConfigurationPlatforms) = preSolution
		Debug|Any CPU = Debug|Any CPU
		Release|Any CPU = Release|Any CPU
	EndGlobalSection
	GlobalSection(ProjectConfigurationPlatforms) = postSolution
		{3D882FAA-1176-4536-AD24-0E2BECCE1D6B}.Debug|Any CPU.ActiveCfg = Debug|Any CPU
		{3D882FAA-1176-4536-AD24-0E2BECCE1D6B}.Debug|Any CPU.Build.0 = Debug|Any CPU
		{3D882FAA-1176-4536-AD24-0E2BECCE1D6B}.Release|Any CPU.ActiveCfg = Release|Any CPU
		{3D882FAA-1176-4536-AD24-0E2BECCE1D6B}.Release|Any CPU.Build.0 = Release|Any CPU
	EndGlobalSection
	GlobalSection(SolutionProperties) = preSolution
		HideSolutionNode = FALSE
	EndGlobalSection
	GlobalSection(ExtensibilityGlobals) = postSolution
		SolutionGuid = {8076EA69-1494-4902-8E7E-B65EFE8D49F0}
	EndGlobalSection
EndGlobal
